
Microsoft Visual Studio Solution File, Format Version 12.00
# Visual Studio 15
VisualStudioVersion = 15.0.28010.2003
MinimumVisualStudioVersion = 10.0.40219.1
Project("{FAE04EC0-301F-11D3-BF4B-00C04F79EFBC}") = "Domain", "Domain\Domain.csproj", "{CA6985AE-60AB-4DBB-8C46-DE669801D36C}"
EndProject
Project("{FAE04EC0-301F-11D3-BF4B-00C04F79EFBC}") = "Infra", "Infra\Infra.csproj", "{A9C5BF6E-1385-481F-BC82-BB6EB01261E2}"
EndProject
Project("{FAE04EC0-301F-11D3-BF4B-00C04F79EFBC}") = "AspNET.MVC", "AspNET.MVC\AspNET.MVC.csproj", "{E8D3FF77-3587-45B8-8E05-5DF262D4BC23}"
EndProject
Global
	GlobalSection(SolutionConfigurationPlatforms) = preSolution
		Debug|Any CPU = Debug|Any CPU
		Release|Any CPU = Release|Any CPU
	EndGlobalSection
	GlobalSection(ProjectConfigurationPlatforms) = postSolution
		{CA6985AE-60AB-4DBB-8C46-DE669801D36C}.Debug|Any CPU.ActiveCfg = Debug|Any CPU
		{CA6985AE-60AB-4DBB-8C46-DE669801D36C}.Debug|Any CPU.Build.0 = Debug|Any CPU
		{CA6985AE-60AB-4DBB-8C46-DE669801D36C}.Release|Any CPU.ActiveCfg = Release|Any CPU
		{CA6985AE-60AB-4DBB-8C46-DE669801D36C}.Release|Any CPU.Build.0 = Release|Any CPU
		{A9C5BF6E-1385-481F-BC82-BB6EB01261E2}.Debug|Any CPU.ActiveCfg = Debug|Any CPU
		{A9C5BF6E-1385-481F-BC82-BB6EB01261E2}.Debug|Any CPU.Build.0 = Debug|Any CPU
		{A9C5BF6E-1385-481F-BC82-BB6EB01261E2}.Release|Any CPU.ActiveCfg = Release|Any CPU
		{A9C5BF6E-1385-481F-BC82-BB6EB01261E2}.Release|Any CPU.Build.0 = Release|Any CPU
		{E8D3FF77-3587-45B8-8E05-5DF262D4BC23}.Debug|Any CPU.ActiveCfg = Debug|Any CPU
		{E8D3FF77-3587-45B8-8E05-5DF262D4BC23}.Debug|Any CPU.Build.0 = Debug|Any CPU
		{E8D3FF77-3587-45B8-8E05-5DF262D4BC23}.Release|Any CPU.ActiveCfg = Release|Any CPU
		{E8D3FF77-3587-45B8-8E05-5DF262D4BC23}.Release|Any CPU.Build.0 = Release|Any CPU
	EndGlobalSection
	GlobalSection(SolutionProperties) = preSolution
		HideSolutionNode = FALSE
	EndGlobalSection
	GlobalSection(ExtensibilityGlobals) = postSolution
		SolutionGuid = {80DBFDF8-56CC-4FB8-B3DF-EC3238DA2E13}
	EndGlobalSection
EndGlobal
